
Microsoft Visual Studio Solution File, Format Version 12.00
# Visual Studio Version 17
VisualStudioVersion = 17.1.32328.378
MinimumVisualStudioVersion = 10.0.40219.1
Project("{FAE04EC0-301F-11D3-BF4B-00C04F79EFBC}") = "Projetpizza", "Projetpizza\Projetpizza.csproj", "{EBC16385-E743-4825-9395-DA079FF919EC}"
EndProject
Global
	GlobalSection(SolutionConfigurationPlatforms) = preSolution
		Debug|Any CPU = Debug|Any CPU
		Release|Any CPU = Release|Any CPU
	EndGlobalSection
	GlobalSection(ProjectConfigurationPlatforms) = postSolution
		{EBC16385-E743-4825-9395-DA079FF919EC}.Debug|Any CPU.ActiveCfg = Debug|Any CPU
		{EBC16385-E743-4825-9395-DA079FF919EC}.Debug|Any CPU.Build.0 = Debug|Any CPU
		{EBC16385-E743-4825-9395-DA079FF919EC}.Release|Any CPU.ActiveCfg = Release|Any CPU
		{EBC16385-E743-4825-9395-DA079FF919EC}.Release|Any CPU.Build.0 = Release|Any CPU
	EndGlobalSection
	GlobalSection(SolutionProperties) = preSolution
		HideSolutionNode = FALSE
	EndGlobalSection
	GlobalSection(ExtensibilityGlobals) = postSolution
		SolutionGuid = {102EEA45-0002-4AEA-AF70-3C8691CDF5CB}
	EndGlobalSection
EndGlobal
